// !$*UTF8*$!
{
	archiveVersion = 1;
	classes = {
	};
	objectVersion = 56;
	objects = {

/* Begin PBXBuildFile section */
		37D3B61D2C09741E00B23145 /* myChargeApp.swift in Sources */ = {isa = PBXBuildFile; fileRef = 37D3B61C2C09741E00B23145 /* myChargeApp.swift */; };
		37D3B61F2C09741E00B23145 /* ContentView.swift in Sources */ = {isa = PBXBuildFile; fileRef = 37D3B61E2C09741E00B23145 /* ContentView.swift */; };
		37D3B6212C09741F00B23145 /* Assets.xcassets in Resources */ = {isa = PBXBuildFile; fileRef = 37D3B6202C09741F00B23145 /* Assets.xcassets */; };
		37D3B6242C09741F00B23145 /* Preview Assets.xcassets in Resources */ = {isa = PBXBuildFile; fileRef = 37D3B6232C09741F00B23145 /* Preview Assets.xcassets */; };
		37D3B62E2C09741F00B23145 /* myChargeTests.swift in Sources */ = {isa = PBXBuildFile; fileRef = 37D3B62D2C09741F00B23145 /* myChargeTests.swift */; };
		37D3B6382C09741F00B23145 /* myChargeUITests.swift in Sources */ = {isa = PBXBuildFile; fileRef = 37D3B6372C09741F00B23145 /* myChargeUITests.swift */; };
		37D3B63A2C09741F00B23145 /* myChargeUITestsLaunchTests.swift in Sources */ = {isa = PBXBuildFile; fileRef = 37D3B6392C09741F00B23145 /* myChargeUITestsLaunchTests.swift */; };
/* End PBXBuildFile section */

/* Begin PBXContainerItemProxy section */
		37D3B62A2C09741F00B23145 /* PBXContainerItemProxy */ = {
			isa = PBXContainerItemProxy;
			containerPortal = 37D3B6112C09741E00B23145 /* Project object */;
			proxyType = 1;
			remoteGlobalIDString = 37D3B6182C09741E00B23145;
			remoteInfo = myCharge;
		};
		37D3B6342C09741F00B23145 /* PBXContainerItemProxy */ = {
			isa = PBXContainerItemProxy;
			containerPortal = 37D3B6112C09741E00B23145 /* Project object */;
			proxyType = 1;
			remoteGlobalIDString = 37D3B6182C09741E00B23145;
			remoteInfo = myCharge;
		};
/* End PBXContainerItemProxy section */

/* Begin PBXFileReference section */
		37D3B6192C09741E00B23145 /* myCharge.app */ = {isa = PBXFileReference; explicitFileType = wrapper.application; includeInIndex = 0; path = myCharge.app; sourceTree = BUILT_PRODUCTS_DIR; };
		37D3B61C2C09741E00B23145 /* myChargeApp.swift */ = {isa = PBXFileReference; lastKnownFileType = sourcecode.swift; path = myChargeApp.swift; sourceTree = "<group>"; };
		37D3B61E2C09741E00B23145 /* ContentView.swift */ = {isa = PBXFileReference; lastKnownFileType = sourcecode.swift; path = ContentView.swift; sourceTree = "<group>"; };
		37D3B6202C09741F00B23145 /* Assets.xcassets */ = {isa = PBXFileReference; lastKnownFileType = folder.assetcatalog; path = Assets.xcassets; sourceTree = "<group>"; };
		37D3B6232C09741F00B23145 /* Preview Assets.xcassets */ = {isa = PBXFileReference; lastKnownFileType = folder.assetcatalog; path = "Preview Assets.xcassets"; sourceTree = "<group>"; };
		37D3B6292C09741F00B23145 /* myChargeTests.xctest */ = {isa = PBXFileReference; explicitFileType = wrapper.cfbundle; includeInIndex = 0; path = myChargeTests.xctest; sourceTree = BUILT_PRODUCTS_DIR; };
		37D3B62D2C09741F00B23145 /* myChargeTests.swift */ = {isa = PBXFileReference; lastKnownFileType = sourcecode.swift; path = myChargeTests.swift; sourceTree = "<group>"; };
		37D3B6332C09741F00B23145 /* myChargeUITests.xctest */ = {isa = PBXFileReference; explicitFileType = wrapper.cfbundle; includeInIndex = 0; path = myChargeUITests.xctest; sourceTree = BUILT_PRODUCTS_DIR; };
		37D3B6372C09741F00B23145 /* myChargeUITests.swift */ = {isa = PBXFileReference; lastKnownFileType = sourcecode.swift; path = myChargeUITests.swift; sourceTree = "<group>"; };
		37D3B6392C09741F00B23145 /* myChargeUITestsLaunchTests.swift */ = {isa = PBXFileReference; lastKnownFileType = sourcecode.swift; path = myChargeUITestsLaunchTests.swift; sourceTree = "<group>"; };
/* End PBXFileReference section */

/* Begin PBXFrameworksBuildPhase section */
		37D3B6162C09741E00B23145 /* Frameworks */ = {
			isa = PBXFrameworksBuildPhase;
			buildActionMask = 2147483647;
			files = (
			);
			runOnlyForDeploymentPostprocessing = 0;
		};
		37D3B6262C09741F00B23145 /* Frameworks */ = {
			isa = PBXFrameworksBuildPhase;
			buildActionMask = 2147483647;
			files = (
			);
			runOnlyForDeploymentPostprocessing = 0;
		};
		37D3B6302C09741F00B23145 /* Frameworks */ = {
			isa = PBXFrameworksBuildPhase;
			buildActionMask = 2147483647;
			files = (
			);
			runOnlyForDeploymentPostprocessing = 0;
		};
/* End PBXFrameworksBuildPhase section */

/* Begin PBXGroup section */
		37D3B6102C09741E00B23145 = {
			isa = PBXGroup;
			children = (
				37D3B61B2C09741E00B23145 /* myCharge */,
				37D3B62C2C09741F00B23145 /* myChargeTests */,
				37D3B6362C09741F00B23145 /* myChargeUITests */,
				37D3B61A2C09741E00B23145 /* Products */,
			);
			sourceTree = "<group>";
		};
		37D3B61A2C09741E00B23145 /* Products */ = {
			isa = PBXGroup;
			children = (
				37D3B6192C09741E00B23145 /* myCharge.app */,
				37D3B6292C09741F00B23145 /* myChargeTests.xctest */,
				37D3B6332C09741F00B23145 /* myChargeUITests.xctest */,
			);
			name = Products;
			sourceTree = "<group>";
		};
		37D3B61B2C09741E00B23145 /* myCharge */ = {
			isa = PBXGroup;
			children = (
				37D3B61C2C09741E00B23145 /* myChargeApp.swift */,
				37D3B61E2C09741E00B23145 /* ContentView.swift */,
				37D3B6202C09741F00B23145 /* Assets.xcassets */,
				37D3B6222C09741F00B23145 /* Preview Content */,
			);
			path = myCharge;
			sourceTree = "<group>";
		};
		37D3B6222C09741F00B23145 /* Preview Content */ = {
			isa = PBXGroup;
			children = (
				37D3B6232C09741F00B23145 /* Preview Assets.xcassets */,
			);
			path = "Preview Content";
			sourceTree = "<group>";
		};
		37D3B62C2C09741F00B23145 /* myChargeTests */ = {
			isa = PBXGroup;
			children = (
				37D3B62D2C09741F00B23145 /* myChargeTests.swift */,
			);
			path = myChargeTests;
			sourceTree = "<group>";
		};
		37D3B6362C09741F00B23145 /* myChargeUITests */ = {
			isa = PBXGroup;
			children = (
				37D3B6372C09741F00B23145 /* myChargeUITests.swift */,
				37D3B6392C09741F00B23145 /* myChargeUITestsLaunchTests.swift */,
			);
			path = myChargeUITests;
			sourceTree = "<group>";
		};
/* End PBXGroup section */

/* Begin PBXNativeTarget section */
		37D3B6182C09741E00B23145 /* myCharge */ = {
			isa = PBXNativeTarget;
			buildConfigurationList = 37D3B63D2C09741F00B23145 /* Build configuration list for PBXNativeTarget "myCharge" */;
			buildPhases = (
				37D3B6152C09741E00B23145 /* Sources */,
				37D3B6162C09741E00B23145 /* Frameworks */,
				37D3B6172C09741E00B23145 /* Resources */,
			);
			buildRules = (
			);
			dependencies = (
			);
			name = myCharge;
			productName = myCharge;
			productReference = 37D3B6192C09741E00B23145 /* myCharge.app */;
			productType = "com.apple.product-type.application";
		};
		37D3B6282C09741F00B23145 /* myChargeTests */ = {
			isa = PBXNativeTarget;
			buildConfigurationList = 37D3B6402C09741F00B23145 /* Build configuration list for PBXNativeTarget "myChargeTests" */;
			buildPhases = (
				37D3B6252C09741F00B23145 /* Sources */,
				37D3B6262C09741F00B23145 /* Frameworks */,
				37D3B6272C09741F00B23145 /* Resources */,
			);
			buildRules = (
			);
			dependencies = (
				37D3B62B2C09741F00B23145 /* PBXTargetDependency */,
			);
			name = myChargeTests;
			productName = myChargeTests;
			productReference = 37D3B6292C09741F00B23145 /* myChargeTests.xctest */;
			productType = "com.apple.product-type.bundle.unit-test";
		};
		37D3B6322C09741F00B23145 /* myChargeUITests */ = {
			isa = PBXNativeTarget;
			buildConfigurationList = 37D3B6432C09741F00B23145 /* Build configuration list for PBXNativeTarget "myChargeUITests" */;
			buildPhases = (
				37D3B62F2C09741F00B23145 /* Sources */,
				37D3B6302C09741F00B23145 /* Frameworks */,
				37D3B6312C09741F00B23145 /* Resources */,
			);
			buildRules = (
			);
			dependencies = (
				37D3B6352C09741F00B23145 /* PBXTargetDependency */,
			);
			name = myChargeUITests;
			productName = myChargeUITests;
			productReference = 37D3B6332C09741F00B23145 /* myChargeUITests.xctest */;
			productType = "com.apple.product-type.bundle.ui-testing";
		};
/* End PBXNativeTarget section */

/* Begin PBXProject section */
		37D3B6112C09741E00B23145 /* Project object */ = {
			isa = PBXProject;
			attributes = {
				BuildIndependentTargetsInParallel = 1;
				LastSwiftUpdateCheck = 1530;
				LastUpgradeCheck = 1530;
				TargetAttributes = {
					37D3B6182C09741E00B23145 = {
						CreatedOnToolsVersion = 15.3;
					};
					37D3B6282C09741F00B23145 = {
						CreatedOnToolsVersion = 15.3;
						TestTargetID = 37D3B6182C09741E00B23145;
					};
					37D3B6322C09741F00B23145 = {
						CreatedOnToolsVersion = 15.3;
						TestTargetID = 37D3B6182C09741E00B23145;
					};
				};
			};
			buildConfigurationList = 37D3B6142C09741E00B23145 /* Build configuration list for PBXProject "myCharge" */;
			compatibilityVersion = "Xcode 14.0";
			developmentRegion = en;
			hasScannedForEncodings = 0;
			knownRegions = (
				en,
				Base,
			);
			mainGroup = 37D3B6102C09741E00B23145;
			productRefGroup = 37D3B61A2C09741E00B23145 /* Products */;
			projectDirPath = "";
			projectRoot = "";
			targets = (
				37D3B6182C09741E00B23145 /* myCharge */,
				37D3B6282C09741F00B23145 /* myChargeTests */,
				37D3B6322C09741F00B23145 /* myChargeUITests */,
			);
		};
/* End PBXProject section */

/* Begin PBXResourcesBuildPhase section */
		37D3B6172C09741E00B23145 /* Resources */ = {
			isa = PBXResourcesBuildPhase;
			buildActionMask = 2147483647;
			files = (
				37D3B6242C09741F00B23145 /* Preview Assets.xcassets in Resources */,
				37D3B6212C09741F00B23145 /* Assets.xcassets in Resources */,
			);
			runOnlyForDeploymentPostprocessing = 0;
		};
		37D3B6272C09741F00B23145 /* Resources */ = {
			isa = PBXResourcesBuildPhase;
			buildActionMask = 2147483647;
			files = (
			);
			runOnlyForDeploymentPostprocessing = 0;
		};
		37D3B6312C09741F00B23145 /* Resources */ = {
			isa = PBXResourcesBuildPhase;
			buildActionMask = 2147483647;
			files = (
			);
			runOnlyForDeploymentPostprocessing = 0;
		};
/* End PBXResourcesBuildPhase section */

/* Begin PBXSourcesBuildPhase section */
		37D3B6152C09741E00B23145 /* Sources */ = {
			isa = PBXSourcesBuildPhase;
			buildActionMask = 2147483647;
			files = (
				37D3B61F2C09741E00B23145 /* ContentView.swift in Sources */,
				37D3B61D2C09741E00B23145 /* myChargeApp.swift in Sources */,
			);
			runOnlyForDeploymentPostprocessing = 0;
		};
		37D3B6252C09741F00B23145 /* Sources */ = {
			isa = PBXSourcesBuildPhase;
			buildActionMask = 2147483647;
			files = (
				37D3B62E2C09741F00B23145 /* myChargeTests.swift in Sources */,
			);
			runOnlyForDeploymentPostprocessing = 0;
		};
		37D3B62F2C09741F00B23145 /* Sources */ = {
			isa = PBXSourcesBuildPhase;
			buildActionMask = 2147483647;
			files = (
				37D3B63A2C09741F00B23145 /* myChargeUITestsLaunchTests.swift in Sources */,
				37D3B6382C09741F00B23145 /* myChargeUITests.swift in Sources */,
			);
			runOnlyForDeploymentPostprocessing = 0;
		};
/* End PBXSourcesBuildPhase section */

/* Begin PBXTargetDependency section */
		37D3B62B2C09741F00B23145 /* PBXTargetDependency */ = {
			isa = PBXTargetDependency;
			target = 37D3B6182C09741E00B23145 /* myCharge */;
			targetProxy = 37D3B62A2C09741F00B23145 /* PBXContainerItemProxy */;
		};
		37D3B6352C09741F00B23145 /* PBXTargetDependency */ = {
			isa = PBXTargetDependency;
			target = 37D3B6182C09741E00B23145 /* myCharge */;
			targetProxy = 37D3B6342C09741F00B23145 /* PBXContainerItemProxy */;
		};
/* End PBXTargetDependency section */

/* Begin XCBuildConfiguration section */
		37D3B63B2C09741F00B23145 /* Debug */ = {
			isa = XCBuildConfiguration;
			buildSettings = {
				ALWAYS_SEARCH_USER_PATHS = NO;
				ASSETCATALOG_COMPILER_GENERATE_SWIFT_ASSET_SYMBOL_EXTENSIONS = YES;
				CLANG_ANALYZER_NONNULL = YES;
				CLANG_ANALYZER_NUMBER_OBJECT_CONVERSION = YES_AGGRESSIVE;
				CLANG_CXX_LANGUAGE_STANDARD = "gnu++20";
				CLANG_ENABLE_MODULES = YES;
				CLANG_ENABLE_OBJC_ARC = YES;
				CLANG_ENABLE_OBJC_WEAK = YES;
				CLANG_WARN_BLOCK_CAPTURE_AUTORELEASING = YES;
				CLANG_WARN_BOOL_CONVERSION = YES;
				CLANG_WARN_COMMA = YES;
				CLANG_WARN_CONSTANT_CONVERSION = YES;
				CLANG_WARN_DEPRECATED_OBJC_IMPLEMENTATIONS = YES;
				CLANG_WARN_DIRECT_OBJC_ISA_USAGE = YES_ERROR;
				CLANG_WARN_DOCUMENTATION_COMMENTS = YES;
				CLANG_WARN_EMPTY_BODY = YES;
				CLANG_WARN_ENUM_CONVERSION = YES;
				CLANG_WARN_INFINITE_RECURSION = YES;
				CLANG_WARN_INT_CONVERSION = YES;
				CLANG_WARN_NON_LITERAL_NULL_CONVERSION = YES;
				CLANG_WARN_OBJC_IMPLICIT_RETAIN_SELF = YES;
				CLANG_WARN_OBJC_LITERAL_CONVERSION = YES;
				CLANG_WARN_OBJC_ROOT_CLASS = YES_ERROR;
				CLANG_WARN_QUOTED_INCLUDE_IN_FRAMEWORK_HEADER = YES;
				CLANG_WARN_RANGE_LOOP_ANALYSIS = YES;
				CLANG_WARN_STRICT_PROTOTYPES = YES;
				CLANG_WARN_SUSPICIOUS_MOVE = YES;
				CLANG_WARN_UNGUARDED_AVAILABILITY = YES_AGGRESSIVE;
				CLANG_WARN_UNREACHABLE_CODE = YES;
				CLANG_WARN__DUPLICATE_METHOD_MATCH = YES;
				COPY_PHASE_STRIP = NO;
				DEBUG_INFORMATION_FORMAT = dwarf;
				ENABLE_STRICT_OBJC_MSGSEND = YES;
				ENABLE_TESTABILITY = YES;
				ENABLE_USER_SCRIPT_SANDBOXING = YES;
				GCC_C_LANGUAGE_STANDARD = gnu17;
				GCC_DYNAMIC_NO_PIC = NO;
				GCC_NO_COMMON_BLOCKS = YES;
				GCC_OPTIMIZATION_LEVEL = 0;
				GCC_PREPROCESSOR_DEFINITIONS = (
					"DEBUG=1",
					"$(inherited)",
				);
				GCC_WARN_64_TO_32_BIT_CONVERSION = YES;
				GCC_WARN_ABOUT_RETURN_TYPE = YES_ERROR;
				GCC_WARN_UNDECLARED_SELECTOR = YES;
				GCC_WARN_UNINITIALIZED_AUTOS = YES_AGGRESSIVE;
				GCC_WARN_UNUSED_FUNCTION = YES;
				GCC_WARN_UNUSED_VARIABLE = YES;
				IPHONEOS_DEPLOYMENT_TARGET = 17.4;
				LOCALIZATION_PREFERS_STRING_CATALOGS = YES;
				MTL_ENABLE_DEBUG_INFO = INCLUDE_SOURCE;
				MTL_FAST_MATH = YES;
				ONLY_ACTIVE_ARCH = YES;
				SDKROOT = iphoneos;
				SWIFT_ACTIVE_COMPILATION_CONDITIONS = "DEBUG $(inherited)";
				SWIFT_OPTIMIZATION_LEVEL = "-Onone";
			};
			name = Debug;
		};
		37D3B63C2C09741F00B23145 /* Release */ = {
			isa = XCBuildConfiguration;
			buildSettings = {
				ALWAYS_SEARCH_USER_PATHS = NO;
				ASSETCATALOG_COMPILER_GENERATE_SWIFT_ASSET_SYMBOL_EXTENSIONS = YES;
				CLANG_ANALYZER_NONNULL = YES;
				CLANG_ANALYZER_NUMBER_OBJECT_CONVERSION = YES_AGGRESSIVE;
				CLANG_CXX_LANGUAGE_STANDARD = "gnu++20";
				CLANG_ENABLE_MODULES = YES;
				CLANG_ENABLE_OBJC_ARC = YES;
				CLANG_ENABLE_OBJC_WEAK = YES;
				CLANG_WARN_BLOCK_CAPTURE_AUTORELEASING = YES;
				CLANG_WARN_BOOL_CONVERSION = YES;
				CLANG_WARN_COMMA = YES;
				CLANG_WARN_CONSTANT_CONVERSION = YES;
				CLANG_WARN_DEPRECATED_OBJC_IMPLEMENTATIONS = YES;
				CLANG_WARN_DIRECT_OBJC_ISA_USAGE = YES_ERROR;
				CLANG_WARN_DOCUMENTATION_COMMENTS = YES;
				CLANG_WARN_EMPTY_BODY = YES;
				CLANG_WARN_ENUM_CONVERSION = YES;
				CLANG_WARN_INFINITE_RECURSION = YES;
				CLANG_WARN_INT_CONVERSION = YES;
				CLANG_WARN_NON_LITERAL_NULL_CONVERSION = YES;
				CLANG_WARN_OBJC_IMPLICIT_RETAIN_SELF = YES;
				CLANG_WARN_OBJC_LITERAL_CONVERSION = YES;
				CLANG_WARN_OBJC_ROOT_CLASS = YES_ERROR;
				CLANG_WARN_QUOTED_INCLUDE_IN_FRAMEWORK_HEADER = YES;
				CLANG_WARN_RANGE_LOOP_ANALYSIS = YES;
				CLANG_WARN_STRICT_PROTOTYPES = YES;
				CLANG_WARN_SUSPICIOUS_MOVE = YES;
				CLANG_WARN_UNGUARDED_AVAILABILITY = YES_AGGRESSIVE;
				CLANG_WARN_UNREACHABLE_CODE = YES;
				CLANG_WARN__DUPLICATE_METHOD_MATCH = YES;
				COPY_PHASE_STRIP = NO;
				DEBUG_INFORMATION_FORMAT = "dwarf-with-dsym";
				ENABLE_NS_ASSERTIONS = NO;
				ENABLE_STRICT_OBJC_MSGSEND = YES;
				ENABLE_USER_SCRIPT_SANDBOXING = YES;
				GCC_C_LANGUAGE_STANDARD = gnu17;
				GCC_NO_COMMON_BLOCKS = YES;
				GCC_WARN_64_TO_32_BIT_CONVERSION = YES;
				GCC_WARN_ABOUT_RETURN_TYPE = YES_ERROR;
				GCC_WARN_UNDECLARED_SELECTOR = YES;
				GCC_WARN_UNINITIALIZED_AUTOS = YES_AGGRESSIVE;
				GCC_WARN_UNUSED_FUNCTION = YES;
				GCC_WARN_UNUSED_VARIABLE = YES;
				IPHONEOS_DEPLOYMENT_TARGET = 17.4;
				LOCALIZATION_PREFERS_STRING_CATALOGS = YES;
				MTL_ENABLE_DEBUG_INFO = NO;
				MTL_FAST_MATH = YES;
				SDKROOT = iphoneos;
				SWIFT_COMPILATION_MODE = wholemodule;
				VALIDATE_PRODUCT = YES;
			};
			name = Release;
		};
		37D3B63E2C09741F00B23145 /* Debug */ = {
			isa = XCBuildConfiguration;
			buildSettings = {
				ASSETCATALOG_COMPILER_APPICON_NAME = AppIcon;
				ASSETCATALOG_COMPILER_GLOBAL_ACCENT_COLOR_NAME = AccentColor;
				CODE_SIGN_STYLE = Automatic;
				CURRENT_PROJECT_VERSION = 1;
				DEVELOPMENT_ASSET_PATHS = "\"myCharge/Preview Content\"";
				ENABLE_PREVIEWS = YES;
				GENERATE_INFOPLIST_FILE = YES;
				INFOPLIST_KEY_UIApplicationSceneManifest_Generation = YES;
				INFOPLIST_KEY_UIApplicationSupportsIndirectInputEvents = YES;
				INFOPLIST_KEY_UILaunchScreen_Generation = YES;
				INFOPLIST_KEY_UISupportedInterfaceOrientations_iPad = "UIInterfaceOrientationPortrait UIInterfaceOrientationPortraitUpsideDown UIInterfaceOrientationLandscapeLeft UIInterfaceOrientationLandscapeRight";
				INFOPLIST_KEY_UISupportedInterfaceOrientations_iPhone = "UIInterfaceOrientationPortrait UIInterfaceOrientationLandscapeLeft UIInterfaceOrientationLandscapeRight";
				LD_RUNPATH_SEARCH_PATHS = (
					"$(inherited)",
					"@executable_path/Frameworks",
				);
				MARKETING_VERSION = 1.0;
				PRODUCT_BUNDLE_IDENTIFIER = taylors.myCharge;
				PRODUCT_NAME = "$(TARGET_NAME)";
				SWIFT_EMIT_LOC_STRINGS = YES;
				SWIFT_VERSION = 5.0;
				TARGETED_DEVICE_FAMILY = "1,2";
			};
			name = Debug;
		};
		37D3B63F2C09741F00B23145 /* Release */ = {
			isa = XCBuildConfiguration;
			buildSettings = {
				ASSETCATALOG_COMPILER_APPICON_NAME = AppIcon;
				ASSETCATALOG_COMPILER_GLOBAL_ACCENT_COLOR_NAME = AccentColor;
				CODE_SIGN_STYLE = Automatic;
				CURRENT_PROJECT_VERSION = 1;
				DEVELOPMENT_ASSET_PATHS = "\"myCharge/Preview Content\"";
				ENABLE_PREVIEWS = YES;
				GENERATE_INFOPLIST_FILE = YES;
				INFOPLIST_KEY_UIApplicationSceneManifest_Generation = YES;
				INFOPLIST_KEY_UIApplicationSupportsIndirectInputEvents = YES;
				INFOPLIST_KEY_UILaunchScreen_Generation = YES;
				INFOPLIST_KEY_UISupportedInterfaceOrientations_iPad = "UIInterfaceOrientationPortrait UIInterfaceOrientationPortraitUpsideDown UIInterfaceOrientationLandscapeLeft UIInterfaceOrientationLandscapeRight";
				INFOPLIST_KEY_UISupportedInterfaceOrientations_iPhone = "UIInterfaceOrientationPortrait UIInterfaceOrientationLandscapeLeft UIInterfaceOrientationLandscapeRight";
				LD_RUNPATH_SEARCH_PATHS = (
					"$(inherited)",
					"@executable_path/Frameworks",
				);
				MARKETING_VERSION = 1.0;
				PRODUCT_BUNDLE_IDENTIFIER = taylors.myCharge;
				PRODUCT_NAME = "$(TARGET_NAME)";
				SWIFT_EMIT_LOC_STRINGS = YES;
				SWIFT_VERSION = 5.0;
				TARGETED_DEVICE_FAMILY = "1,2";
			};
			name = Release;
		};
		37D3B6412C09741F00B23145 /* Debug */ = {
			isa = XCBuildConfiguration;
			buildSettings = {
				ALWAYS_EMBED_SWIFT_STANDARD_LIBRARIES = YES;
				BUNDLE_LOADER = "$(TEST_HOST)";
				CODE_SIGN_STYLE = Automatic;
				CURRENT_PROJECT_VERSION = 1;
				GENERATE_INFOPLIST_FILE = YES;
				IPHONEOS_DEPLOYMENT_TARGET = 17.4;
				MARKETING_VERSION = 1.0;
				PRODUCT_BUNDLE_IDENTIFIER = taylors.myChargeTests;
				PRODUCT_NAME = "$(TARGET_NAME)";
				SWIFT_EMIT_LOC_STRINGS = NO;
				SWIFT_VERSION = 5.0;
				TARGETED_DEVICE_FAMILY = "1,2";
				TEST_HOST = "$(BUILT_PRODUCTS_DIR)/myCharge.app/$(BUNDLE_EXECUTABLE_FOLDER_PATH)/myCharge";
			};
			name = Debug;
		};
		37D3B6422C09741F00B23145 /* Release */ = {
			isa = XCBuildConfiguration;
			buildSettings = {
				ALWAYS_EMBED_SWIFT_STANDARD_LIBRARIES = YES;
				BUNDLE_LOADER = "$(TEST_HOST)";
				CODE_SIGN_STYLE = Automatic;
				CURRENT_PROJECT_VERSION = 1;
				GENERATE_INFOPLIST_FILE = YES;
				IPHONEOS_DEPLOYMENT_TARGET = 17.4;
				MARKETING_VERSION = 1.0;
				PRODUCT_BUNDLE_IDENTIFIER = taylors.myChargeTests;
				PRODUCT_NAME = "$(TARGET_NAME)";
				SWIFT_EMIT_LOC_STRINGS = NO;
				SWIFT_VERSION = 5.0;
				TARGETED_DEVICE_FAMILY = "1,2";
				TEST_HOST = "$(BUILT_PRODUCTS_DIR)/myCharge.app/$(BUNDLE_EXECUTABLE_FOLDER_PATH)/myCharge";
			};
			name = Release;
		};
		37D3B6442C09741F00B23145 /* Debug */ = {
			isa = XCBuildConfiguration;
			buildSettings = {
				ALWAYS_EMBED_SWIFT_STANDARD_LIBRARIES = YES;
				CODE_SIGN_STYLE = Automatic;
				CURRENT_PROJECT_VERSION = 1;
				GENERATE_INFOPLIST_FILE = YES;
				MARKETING_VERSION = 1.0;
				PRODUCT_BUNDLE_IDENTIFIER = taylors.myChargeUITests;
				PRODUCT_NAME = "$(TARGET_NAME)";
				SWIFT_EMIT_LOC_STRINGS = NO;
				SWIFT_VERSION = 5.0;
				TARGETED_DEVICE_FAMILY = "1,2";
				TEST_TARGET_NAME = myCharge;
			};
			name = Debug;
		};
		37D3B6452C09741F00B23145 /* Release */ = {
			isa = XCBuildConfiguration;
			buildSettings = {
				ALWAYS_EMBED_SWIFT_STANDARD_LIBRARIES = YES;
				CODE_SIGN_STYLE = Automatic;
				CURRENT_PROJECT_VERSION = 1;
				GENERATE_INFOPLIST_FILE = YES;
				MARKETING_VERSION = 1.0;
				PRODUCT_BUNDLE_IDENTIFIER = taylors.myChargeUITests;
				PRODUCT_NAME = "$(TARGET_NAME)";
				SWIFT_EMIT_LOC_STRINGS = NO;
				SWIFT_VERSION = 5.0;
				TARGETED_DEVICE_FAMILY = "1,2";
				TEST_TARGET_NAME = myCharge;
			};
			name = Release;
		};
/* End XCBuildConfiguration section */

/* Begin XCConfigurationList section */
		37D3B6142C09741E00B23145 /* Build configuration list for PBXProject "myCharge" */ = {
			isa = XCConfigurationList;
			buildConfigurations = (
				37D3B63B2C09741F00B23145 /* Debug */,
				37D3B63C2C09741F00B23145 /* Release */,
			);
			defaultConfigurationIsVisible = 0;
			defaultConfigurationName = Release;
		};
		37D3B63D2C09741F00B23145 /* Build configuration list for PBXNativeTarget "myCharge" */ = {
			isa = XCConfigurationList;
			buildConfigurations = (
				37D3B63E2C09741F00B23145 /* Debug */,
				37D3B63F2C09741F00B23145 /* Release */,
			);
			defaultConfigurationIsVisible = 0;
			defaultConfigurationName = Release;
		};
		37D3B6402C09741F00B23145 /* Build configuration list for PBXNativeTarget "myChargeTests" */ = {
			isa = XCConfigurationList;
			buildConfigurations = (
				37D3B6412C09741F00B23145 /* Debug */,
				37D3B6422C09741F00B23145 /* Release */,
			);
			defaultConfigurationIsVisible = 0;
			defaultConfigurationName = Release;
		};
		37D3B6432C09741F00B23145 /* Build configuration list for PBXNativeTarget "myChargeUITests" */ = {
			isa = XCConfigurationList;
			buildConfigurations = (
				37D3B6442C09741F00B23145 /* Debug */,
				37D3B6452C09741F00B23145 /* Release */,
			);
			defaultConfigurationIsVisible = 0;
			defaultConfigurationName = Release;
		};
/* End XCConfigurationList section */
	};
	rootObject = 37D3B6112C09741E00B23145 /* Project object */;
}
